Microsoft Visual Studio Solution File, Format Version 12.00
# Visual Studio Version 17
VisualStudioVersion = 17.5.2.0
MinimumVisualStudioVersion = 10.0.40219.1
Project("{FAE04EC0-301F-11D3-BF4B-00C04F79EFBC}") = "Conference", "Conference.csproj", "{4DA45A82-4418-BD2A-77A9-E54BBF85101D}"
EndProject
Global
	GlobalSection(SolutionConfigurationPlatforms) = preSolution
		Debug|Any CPU = Debug|Any CPU
		Release|Any CPU = Release|Any CPU
	EndGlobalSection
	GlobalSection(ProjectConfigurationPlatforms) = postSolution
		{4DA45A82-4418-BD2A-77A9-E54BBF85101D}.Debug|Any CPU.ActiveCfg = Debug|Any CPU
		{4DA45A82-4418-BD2A-77A9-E54BBF85101D}.Debug|Any CPU.Build.0 = Debug|Any CPU
		{4DA45A82-4418-BD2A-77A9-E54BBF85101D}.Release|Any CPU.ActiveCfg = Release|Any CPU
		{4DA45A82-4418-BD2A-77A9-E54BBF85101D}.Release|Any CPU.Build.0 = Release|Any CPU
	EndGlobalSection
	GlobalSection(SolutionProperties) = preSolution
		HideSolutionNode = FALSE
	EndGlobalSection
	GlobalSection(ExtensibilityGlobals) = postSolution
		SolutionGuid = {6EBBD206-0EDD-44C2-833F-E6A691D0C11C}
	EndGlobalSection
EndGlobal
